
Microsoft Visual Studio Solution File, Format Version 12.00
# Visual Studio Version 16
VisualStudioVersion = 16.0.32602.291
MinimumVisualStudioVersion = 10.0.40219.1
Project("{FAE04EC0-301F-11D3-BF4B-00C04F79EFBC}") = "MQTT_Template", "MQTT_Template\MQTT_Template.csproj", "{BD866F47-77E5-4192-94A6-FE731CAAE818}"
EndProject
Global
	GlobalSection(SolutionConfigurationPlatforms) = preSolution
		Debug|Any CPU = Debug|Any CPU
		Release|Any CPU = Release|Any CPU
	EndGlobalSection
	GlobalSection(ProjectConfigurationPlatforms) = postSolution
		{BD866F47-77E5-4192-94A6-FE731CAAE818}.Debug|Any CPU.ActiveCfg = Debug|Any CPU
		{BD866F47-77E5-4192-94A6-FE731CAAE818}.Debug|Any CPU.Build.0 = Debug|Any CPU
		{BD866F47-77E5-4192-94A6-FE731CAAE818}.Release|Any CPU.ActiveCfg = Release|Any CPU
		{BD866F47-77E5-4192-94A6-FE731CAAE818}.Release|Any CPU.Build.0 = Release|Any CPU
	EndGlobalSection
	GlobalSection(SolutionProperties) = preSolution
		HideSolutionNode = FALSE
	EndGlobalSection
	GlobalSection(ExtensibilityGlobals) = postSolution
		SolutionGuid = {73D0E847-A9B9-4DE6-8899-36F7A94452E8}
	EndGlobalSection
EndGlobal
